
Microsoft Visual Studio Solution File, Format Version 12.00
# Visual Studio 15
VisualStudioVersion = 15.0.27130.2036
MinimumVisualStudioVersion = 10.0.40219.1
Project("{FAE04EC0-301F-11D3-BF4B-00C04F79EFBC}") = "CambiarColor.Android", "CambiarColor\CambiarColor.Android\CambiarColor.Android.csproj", "{3FADBF35-1A77-49C6-A5C3-861BEDCBB166}"
EndProject
Project("{FAE04EC0-301F-11D3-BF4B-00C04F79EFBC}") = "CambiarColor.iOS", "CambiarColor\CambiarColor.iOS\CambiarColor.iOS.csproj", "{202AB259-8AA7-4CBC-B99E-9FBD47B2CB07}"
EndProject
Project("{FAE04EC0-301F-11D3-BF4B-00C04F79EFBC}") = "CambiarColor.UWP", "CambiarColor\CambiarColor.UWP\CambiarColor.UWP.csproj", "{50F9B350-1AB1-42B4-BA95-1A51F0F3FA91}"
EndProject
Project("{FAE04EC0-301F-11D3-BF4B-00C04F79EFBC}") = "CambiarColor", "CambiarColor\CambiarColor\CambiarColor.csproj", "{656C0CAB-8911-487F-B218-21CE0225B424}"
EndProject
Global
	GlobalSection(SolutionConfigurationPlatforms) = preSolution
		Ad-Hoc|Any CPU = Ad-Hoc|Any CPU
		Ad-Hoc|ARM = Ad-Hoc|ARM
		Ad-Hoc|iPhone = Ad-Hoc|iPhone
		Ad-Hoc|iPhoneSimulator = Ad-Hoc|iPhoneSimulator
		Ad-Hoc|x64 = Ad-Hoc|x64
		Ad-Hoc|x86 = Ad-Hoc|x86
		AppStore|Any CPU = AppStore|Any CPU
		AppStore|ARM = AppStore|ARM
		AppStore|iPhone = AppStore|iPhone
		AppStore|iPhoneSimulator = AppStore|iPhoneSimulator
		AppStore|x64 = AppStore|x64
		AppStore|x86 = AppStore|x86
		Debug|Any CPU = Debug|Any CPU
		Debug|ARM = Debug|ARM
		Debug|iPhone = Debug|iPhone
		Debug|iPhoneSimulator = Debug|iPhoneSimulator
		Debug|x64 = Debug|x64
		Debug|x86 = Debug|x86
		Release|Any CPU = Release|Any CPU
		Release|ARM = Release|ARM
		Release|iPhone = Release|iPhone
		Release|iPhoneSimulator = Release|iPhoneSimulator
		Release|x64 = Release|x64
		Release|x86 = Release|x86
	EndGlobalSection
	GlobalSection(ProjectConfigurationPlatforms) = postSolution
		{3FADBF35-1A77-49C6-A5C3-861BEDCBB166}.Ad-Hoc|Any CPU.ActiveCfg = Release|Any CPU
		{3FADBF35-1A77-49C6-A5C3-861BEDCBB166}.Ad-Hoc|Any CPU.Build.0 = Release|Any CPU
		{3FADBF35-1A77-49C6-A5C3-861BEDCBB166}.Ad-Hoc|Any CPU.Deploy.0 = Release|Any CPU
		{3FADBF35-1A77-49C6-A5C3-861BEDCBB166}.Ad-Hoc|ARM.ActiveCfg = Release|Any CPU
		{3FADBF35-1A77-49C6-A5C3-861BEDCBB166}.Ad-Hoc|ARM.Build.0 = Release|Any CPU
		{3FADBF35-1A77-49C6-A5C3-861BEDCBB166}.Ad-Hoc|ARM.Deploy.0 = Release|Any CPU
		{3FADBF35-1A77-49C6-A5C3-861BEDCBB166}.Ad-Hoc|iPhone.ActiveCfg = Release|Any CPU
		{3FADBF35-1A77-49C6-A5C3-861BEDCBB166}.Ad-Hoc|iPhone.Build.0 = Release|Any CPU
		{3FADBF35-1A77-49C6-A5C3-861BEDCBB166}.Ad-Hoc|iPhone.Deploy.0 = Release|Any CPU
		{3FADBF35-1A77-49C6-A5C3-861BEDCBB166}.Ad-Hoc|iPhoneSimulator.ActiveCfg = Release|Any CPU
		{3FADBF35-1A77-49C6-A5C3-861BEDCBB166}.Ad-Hoc|iPhoneSimulator.Build.0 = Release|Any CPU
		{3FADBF35-1A77-49C6-A5C3-861BEDCBB166}.Ad-Hoc|iPhoneSimulator.Deploy.0 = Release|Any CPU
		{3FADBF35-1A77-49C6-A5C3-861BEDCBB166}.Ad-Hoc|x64.ActiveCfg = Release|Any CPU
		{3FADBF35-1A77-49C6-A5C3-861BEDCBB166}.Ad-Hoc|x64.Build.0 = Release|Any CPU
		{3FADBF35-1A77-49C6-A5C3-861BEDCBB166}.Ad-Hoc|x64.Deploy.0 = Release|Any CPU
		{3FADBF35-1A77-49C6-A5C3-861BEDCBB166}.Ad-Hoc|x86.ActiveCfg = Release|Any CPU
		{3FADBF35-1A77-49C6-A5C3-861BEDCBB166}.Ad-Hoc|x86.Build.0 = Release|Any CPU
		{3FADBF35-1A77-49C6-A5C3-861BEDCBB166}.Ad-Hoc|x86.Deploy.0 = Release|Any CPU
		{3FADBF35-1A77-49C6-A5C3-861BEDCBB166}.AppStore|Any CPU.ActiveCfg = Release|Any CPU
		{3FADBF35-1A77-49C6-A5C3-861BEDCBB166}.AppStore|Any CPU.Build.0 = Release|Any CPU
		{3FADBF35-1A77-49C6-A5C3-861BEDCBB166}.AppStore|Any CPU.Deploy.0 = Release|Any CPU
		{3FADBF35-1A77-49C6-A5C3-861BEDCBB166}.AppStore|ARM.ActiveCfg = Release|Any CPU
		{3FADBF35-1A77-49C6-A5C3-861BEDCBB166}.AppStore|ARM.Build.0 = Release|Any CPU
		{3FADBF35-1A77-49C6-A5C3-861BEDCBB166}.AppStore|ARM.Deploy.0 = Release|Any CPU
		{3FADBF35-1A77-49C6-A5C3-861BEDCBB166}.AppStore|iPhone.ActiveCfg = Release|Any CPU
		{3FADBF35-1A77-49C6-A5C3-861BEDCBB166}.AppStore|iPhone.Build.0 = Release|Any CPU
		{3FADBF35-1A77-49C6-A5C3-861BEDCBB166}.AppStore|iPhone.Deploy.0 = Release|Any CPU
		{3FADBF35-1A77-49C6-A5C3-861BEDCBB166}.AppStore|iPhoneSimulator.ActiveCfg = Release|Any CPU
		{3FADBF35-1A77-49C6-A5C3-861BEDCBB166}.AppStore|iPhoneSimulator.Build.0 = Release|Any CPU
		{3FADBF35-1A77-49C6-A5C3-861BEDCBB166}.AppStore|iPhoneSimulator.Deploy.0 = Release|Any CPU
		{3FADBF35-1A77-49C6-A5C3-861BEDCBB166}.AppStore|x64.ActiveCfg = Release|Any CPU
		{3FADBF35-1A77-49C6-A5C3-861BEDCBB166}.AppStore|x64.Build.0 = Release|Any CPU
		{3FADBF35-1A77-49C6-A5C3-861BEDCBB166}.AppStore|x64.Deploy.0 = Release|Any CPU
		{3FADBF35-1A77-49C6-A5C3-861BEDCBB166}.AppStore|x86.ActiveCfg = Release|Any CPU
		{3FADBF35-1A77-49C6-A5C3-861BEDCBB166}.AppStore|x86.Build.0 = Release|Any CPU
		{3FADBF35-1A77-49C6-A5C3-861BEDCBB166}.AppStore|x86.Deploy.0 = Release|Any CPU
		{3FADBF35-1A77-49C6-A5C3-861BEDCBB166}.Debug|Any CPU.ActiveCfg = Debug|Any CPU
		{3FADBF35-1A77-49C6-A5C3-861BEDCBB166}.Debug|Any CPU.Build.0 = Debug|Any CPU
		{3FADBF35-1A77-49C6-A5C3-861BEDCBB166}.Debug|Any CPU.Deploy.0 = Debug|Any CPU
		{3FADBF35-1A77-49C6-A5C3-861BEDCBB166}.Debug|ARM.ActiveCfg = Debug|Any CPU
		{3FADBF35-1A77-49C6-A5C3-861BEDCBB166}.Debug|ARM.Build.0 = Debug|Any CPU
		{3FADBF35-1A77-49C6-A5C3-861BEDCBB166}.Debug|ARM.Deploy.0 = Debug|Any CPU
		{3FADBF35-1A77-49C6-A5C3-861BEDCBB166}.Debug|iPhone.ActiveCfg = Debug|Any CPU
		{3FADBF35-1A77-49C6-A5C3-861BEDCBB166}.Debug|iPhone.Build.0 = Debug|Any CPU
		{3FADBF35-1A77-49C6-A5C3-861BEDCBB166}.Debug|iPhone.Deploy.0 = Debug|Any CPU
		{3FADBF35-1A77-49C6-A5C3-861BEDCBB166}.Debug|iPhoneSimulator.ActiveCfg = Debug|Any CPU
		{3FADBF35-1A77-49C6-A5C3-861BEDCBB166}.Debug|iPhoneSimulator.Build.0 = Debug|Any CPU
		{3FADBF35-1A77-49C6-A5C3-861BEDCBB166}.Debug|iPhoneSimulator.Deploy.0 = Debug|Any CPU
		{3FADBF35-1A77-49C6-A5C3-861BEDCBB166}.Debug|x64.ActiveCfg = Debug|Any CPU
		{3FADBF35-1A77-49C6-A5C3-861BEDCBB166}.Debug|x64.Build.0 = Debug|Any CPU
		{3FADBF35-1A77-49C6-A5C3-861BEDCBB166}.Debug|x64.Deploy.0 = Debug|Any CPU
		{3FADBF35-1A77-49C6-A5C3-861BEDCBB166}.Debug|x86.ActiveCfg = Debug|Any CPU
		{3FADBF35-1A77-49C6-A5C3-861BEDCBB166}.Debug|x86.Build.0 = Debug|Any CPU
		{3FADBF35-1A77-49C6-A5C3-861BEDCBB166}.Debug|x86.Deploy.0 = Debug|Any CPU
		{3FADBF35-1A77-49C6-A5C3-861BEDCBB166}.Release|Any CPU.ActiveCfg = Release|Any CPU
		{3FADBF35-1A77-49C6-A5C3-861BEDCBB166}.Release|Any CPU.Build.0 = Release|Any CPU
		{3FADBF35-1A77-49C6-A5C3-861BEDCBB166}.Release|Any CPU.Deploy.0 = Release|Any CPU
		{3FADBF35-1A77-49C6-A5C3-861BEDCBB166}.Release|ARM.ActiveCfg = Release|Any CPU
		{3FADBF35-1A77-49C6-A5C3-861BEDCBB166}.Release|ARM.Build.0 = Release|Any CPU
		{3FADBF35-1A77-49C6-A5C3-861BEDCBB166}.Release|ARM.Deploy.0 = Release|Any CPU
		{3FADBF35-1A77-49C6-A5C3-861BEDCBB166}.Release|iPhone.ActiveCfg = Release|Any CPU
		{3FADBF35-1A77-49C6-A5C3-861BEDCBB166}.Release|iPhone.Build.0 = Release|Any CPU
		{3FADBF35-1A77-49C6-A5C3-861BEDCBB166}.Release|iPhone.Deploy.0 = Release|Any CPU
		{3FADBF35-1A77-49C6-A5C3-861BEDCBB166}.Release|iPhoneSimulator.ActiveCfg = Release|Any CPU
		{3FADBF35-1A77-49C6-A5C3-861BEDCBB166}.Release|iPhoneSimulator.Build.0 = Release|Any CPU
		{3FADBF35-1A77-49C6-A5C3-861BEDCBB166}.Release|iPhoneSimulator.Deploy.0 = Release|Any CPU
		{3FADBF35-1A77-49C6-A5C3-861BEDCBB166}.Release|x64.ActiveCfg = Release|Any CPU
		{3FADBF35-1A77-49C6-A5C3-861BEDCBB166}.Release|x64.Build.0 = Release|Any CPU
		{3FADBF35-1A77-49C6-A5C3-861BEDCBB166}.Release|x64.Deploy.0 = Release|Any CPU
		{3FADBF35-1A77-49C6-A5C3-861BEDCBB166}.Release|x86.ActiveCfg = Release|Any CPU
		{3FADBF35-1A77-49C6-A5C3-861BEDCBB166}.Release|x86.Build.0 = Release|Any CPU
		{3FADBF35-1A77-49C6-A5C3-861BEDCBB166}.Release|x86.Deploy.0 = Release|Any CPU
		{202AB259-8AA7-4CBC-B99E-9FBD47B2CB07}.Ad-Hoc|Any CPU.ActiveCfg = Ad-Hoc|iPhone
		{202AB259-8AA7-4CBC-B99E-9FBD47B2CB07}.Ad-Hoc|ARM.ActiveCfg = Ad-Hoc|iPhone
		{202AB259-8AA7-4CBC-B99E-9FBD47B2CB07}.Ad-Hoc|iPhone.ActiveCfg = Ad-Hoc|iPhone
		{202AB259-8AA7-4CBC-B99E-9FBD47B2CB07}.Ad-Hoc|iPhone.Build.0 = Ad-Hoc|iPhone
		{202AB259-8AA7-4CBC-B99E-9FBD47B2CB07}.Ad-Hoc|iPhoneSimulator.ActiveCfg = Ad-Hoc|iPhoneSimulator
		{202AB259-8AA7-4CBC-B99E-9FBD47B2CB07}.Ad-Hoc|iPhoneSimulator.Build.0 = Ad-Hoc|iPhoneSimulator
		{202AB259-8AA7-4CBC-B99E-9FBD47B2CB07}.Ad-Hoc|x64.ActiveCfg = Ad-Hoc|iPhone
		{202AB259-8AA7-4CBC-B99E-9FBD47B2CB07}.Ad-Hoc|x86.ActiveCfg = Ad-Hoc|iPhone
		{202AB259-8AA7-4CBC-B99E-9FBD47B2CB07}.AppStore|Any CPU.ActiveCfg = AppStore|iPhone
		{202AB259-8AA7-4CBC-B99E-9FBD47B2CB07}.AppStore|ARM.ActiveCfg = AppStore|iPhone
		{202AB259-8AA7-4CBC-B99E-9FBD47B2CB07}.AppStore|iPhone.ActiveCfg = AppStore|iPhone
		{202AB259-8AA7-4CBC-B99E-9FBD47B2CB07}.AppStore|iPhone.Build.0 = AppStore|iPhone
		{202AB259-8AA7-4CBC-B99E-9FBD47B2CB07}.AppStore|iPhoneSimulator.ActiveCfg = AppStore|iPhoneSimulator
		{202AB259-8AA7-4CBC-B99E-9FBD47B2CB07}.AppStore|iPhoneSimulator.Build.0 = AppStore|iPhoneSimulator
		{202AB259-8AA7-4CBC-B99E-9FBD47B2CB07}.AppStore|x64.ActiveCfg = AppStore|iPhone
		{202AB259-8AA7-4CBC-B99E-9FBD47B2CB07}.AppStore|x86.ActiveCfg = AppStore|iPhone
		{202AB259-8AA7-4CBC-B99E-9FBD47B2CB07}.Debug|Any CPU.ActiveCfg = Debug|iPhone
		{202AB259-8AA7-4CBC-B99E-9FBD47B2CB07}.Debug|ARM.ActiveCfg = Debug|iPhone
		{202AB259-8AA7-4CBC-B99E-9FBD47B2CB07}.Debug|iPhone.ActiveCfg = Debug|iPhone
		{202AB259-8AA7-4CBC-B99E-9FBD47B2CB07}.Debug|iPhone.Build.0 = Debug|iPhone
		{202AB259-8AA7-4CBC-B99E-9FBD47B2CB07}.Debug|iPhoneSimulator.ActiveCfg = Debug|iPhoneSimulator
		{202AB259-8AA7-4CBC-B99E-9FBD47B2CB07}.Debug|iPhoneSimulator.Build.0 = Debug|iPhoneSimulator
		{202AB259-8AA7-4CBC-B99E-9FBD47B2CB07}.Debug|x64.ActiveCfg = Debug|iPhone
		{202AB259-8AA7-4CBC-B99E-9FBD47B2CB07}.Debug|x86.ActiveCfg = Debug|iPhone
		{202AB259-8AA7-4CBC-B99E-9FBD47B2CB07}.Release|Any CPU.ActiveCfg = Release|iPhone
		{202AB259-8AA7-4CBC-B99E-9FBD47B2CB07}.Release|ARM.ActiveCfg = Release|iPhone
		{202AB259-8AA7-4CBC-B99E-9FBD47B2CB07}.Release|iPhone.ActiveCfg = Release|iPhone
		{202AB259-8AA7-4CBC-B99E-9FBD47B2CB07}.Release|iPhone.Build.0 = Release|iPhone
		{202AB259-8AA7-4CBC-B99E-9FBD47B2CB07}.Release|iPhoneSimulator.ActiveCfg = Release|iPhoneSimulator
		{202AB259-8AA7-4CBC-B99E-9FBD47B2CB07}.Release|iPhoneSimulator.Build.0 = Release|iPhoneSimulator
		{202AB259-8AA7-4CBC-B99E-9FBD47B2CB07}.Release|x64.ActiveCfg = Release|iPhone
		{202AB259-8AA7-4CBC-B99E-9FBD47B2CB07}.Release|x86.ActiveCfg = Release|iPhone
		{50F9B350-1AB1-42B4-BA95-1A51F0F3FA91}.Ad-Hoc|Any CPU.ActiveCfg = Release|x86
		{50F9B350-1AB1-42B4-BA95-1A51F0F3FA91}.Ad-Hoc|Any CPU.Build.0 = Release|x86
		{50F9B350-1AB1-42B4-BA95-1A51F0F3FA91}.Ad-Hoc|Any CPU.Deploy.0 = Release|x86
		{50F9B350-1AB1-42B4-BA95-1A51F0F3FA91}.Ad-Hoc|ARM.ActiveCfg = Release|ARM
		{50F9B350-1AB1-42B4-BA95-1A51F0F3FA91}.Ad-Hoc|ARM.Build.0 = Release|ARM
		{50F9B350-1AB1-42B4-BA95-1A51F0F3FA91}.Ad-Hoc|ARM.Deploy.0 = Release|ARM
		{50F9B350-1AB1-42B4-BA95-1A51F0F3FA91}.Ad-Hoc|iPhone.ActiveCfg = Release|x86
		{50F9B350-1AB1-42B4-BA95-1A51F0F3FA91}.Ad-Hoc|iPhone.Build.0 = Release|x86
		{50F9B350-1AB1-42B4-BA95-1A51F0F3FA91}.Ad-Hoc|iPhone.Deploy.0 = Release|x86
		{50F9B350-1AB1-42B4-BA95-1A51F0F3FA91}.Ad-Hoc|iPhoneSimulator.ActiveCfg = Release|x86
		{50F9B350-1AB1-42B4-BA95-1A51F0F3FA91}.Ad-Hoc|iPhoneSimulator.Build.0 = Release|x86
		{50F9B350-1AB1-42B4-BA95-1A51F0F3FA91}.Ad-Hoc|iPhoneSimulator.Deploy.0 = Release|x86
		{50F9B350-1AB1-42B4-BA95-1A51F0F3FA91}.Ad-Hoc|x64.ActiveCfg = Release|x64
		{50F9B350-1AB1-42B4-BA95-1A51F0F3FA91}.Ad-Hoc|x64.Build.0 = Release|x64
		{50F9B350-1AB1-42B4-BA95-1A51F0F3FA91}.Ad-Hoc|x64.Deploy.0 = Release|x64
		{50F9B350-1AB1-42B4-BA95-1A51F0F3FA91}.Ad-Hoc|x86.ActiveCfg = Release|x86
		{50F9B350-1AB1-42B4-BA95-1A51F0F3FA91}.Ad-Hoc|x86.Build.0 = Release|x86
		{50F9B350-1AB1-42B4-BA95-1A51F0F3FA91}.Ad-Hoc|x86.Deploy.0 = Release|x86
		{50F9B350-1AB1-42B4-BA95-1A51F0F3FA91}.AppStore|Any CPU.ActiveCfg = Release|x86
		{50F9B350-1AB1-42B4-BA95-1A51F0F3FA91}.AppStore|Any CPU.Build.0 = Release|x86
		{50F9B350-1AB1-42B4-BA95-1A51F0F3FA91}.AppStore|Any CPU.Deploy.0 = Release|x86
		{50F9B350-1AB1-42B4-BA95-1A51F0F3FA91}.AppStore|ARM.ActiveCfg = Release|ARM
		{50F9B350-1AB1-42B4-BA95-1A51F0F3FA91}.AppStore|ARM.Build.0 = Release|ARM
		{50F9B350-1AB1-42B4-BA95-1A51F0F3FA91}.AppStore|ARM.Deploy.0 = Release|ARM
		{50F9B350-1AB1-42B4-BA95-1A51F0F3FA91}.AppStore|iPhone.ActiveCfg = Release|x86
		{50F9B350-1AB1-42B4-BA95-1A51F0F3FA91}.AppStore|iPhone.Build.0 = Release|x86
		{50F9B350-1AB1-42B4-BA95-1A51F0F3FA91}.AppStore|iPhone.Deploy.0 = Release|x86
		{50F9B350-1AB1-42B4-BA95-1A51F0F3FA91}.AppStore|iPhoneSimulator.ActiveCfg = Release|x86
		{50F9B350-1AB1-42B4-BA95-1A51F0F3FA91}.AppStore|iPhoneSimulator.Build.0 = Release|x86
		{50F9B350-1AB1-42B4-BA95-1A51F0F3FA91}.AppStore|iPhoneSimulator.Deploy.0 = Release|x86
		{50F9B350-1AB1-42B4-BA95-1A51F0F3FA91}.AppStore|x64.ActiveCfg = Release|x64
		{50F9B350-1AB1-42B4-BA95-1A51F0F3FA91}.AppStore|x64.Build.0 = Release|x64
		{50F9B350-1AB1-42B4-BA95-1A51F0F3FA91}.AppStore|x64.Deploy.0 = Release|x64
		{50F9B350-1AB1-42B4-BA95-1A51F0F3FA91}.AppStore|x86.ActiveCfg = Release|x86
		{50F9B350-1AB1-42B4-BA95-1A51F0F3FA91}.AppStore|x86.Build.0 = Release|x86
		{50F9B350-1AB1-42B4-BA95-1A51F0F3FA91}.AppStore|x86.Deploy.0 = Release|x86
		{50F9B350-1AB1-42B4-BA95-1A51F0F3FA91}.Debug|Any CPU.ActiveCfg = Debug|x86
		{50F9B350-1AB1-42B4-BA95-1A51F0F3FA91}.Debug|ARM.ActiveCfg = Debug|ARM
		{50F9B350-1AB1-42B4-BA95-1A51F0F3FA91}.Debug|ARM.Build.0 = Debug|ARM
		{50F9B350-1AB1-42B4-BA95-1A51F0F3FA91}.Debug|ARM.Deploy.0 = Debug|ARM
		{50F9B350-1AB1-42B4-BA95-1A51F0F3FA91}.Debug|iPhone.ActiveCfg = Debug|x86
		{50F9B350-1AB1-42B4-BA95-1A51F0F3FA91}.Debug|iPhoneSimulator.ActiveCfg = Debug|x86
		{50F9B350-1AB1-42B4-BA95-1A51F0F3FA91}.Debug|x64.ActiveCfg = Debug|x64
		{50F9B350-1AB1-42B4-BA95-1A51F0F3FA91}.Debug|x64.Build.0 = Debug|x64
		{50F9B350-1AB1-42B4-BA95-1A51F0F3FA91}.Debug|x64.Deploy.0 = Debug|x64
		{50F9B350-1AB1-42B4-BA95-1A51F0F3FA91}.Debug|x86.ActiveCfg = Debug|x86
		{50F9B350-1AB1-42B4-BA95-1A51F0F3FA91}.Debug|x86.Build.0 = Debug|x86
		{50F9B350-1AB1-42B4-BA95-1A51F0F3FA91}.Debug|x86.Deploy.0 = Debug|x86
		{50F9B350-1AB1-42B4-BA95-1A51F0F3FA91}.Release|Any CPU.ActiveCfg = Release|x86
		{50F9B350-1AB1-42B4-BA95-1A51F0F3FA91}.Release|ARM.ActiveCfg = Release|ARM
		{50F9B350-1AB1-42B4-BA95-1A51F0F3FA91}.Release|ARM.Build.0 = Release|ARM
		{50F9B350-1AB1-42B4-BA95-1A51F0F3FA91}.Release|ARM.Deploy.0 = Release|ARM
		{50F9B350-1AB1-42B4-BA95-1A51F0F3FA91}.Release|iPhone.ActiveCfg = Release|x86
		{50F9B350-1AB1-42B4-BA95-1A51F0F3FA91}.Release|iPhoneSimulator.ActiveCfg = Release|x86
		{50F9B350-1AB1-42B4-BA95-1A51F0F3FA91}.Release|x64.ActiveCfg = Release|x64
		{50F9B350-1AB1-42B4-BA95-1A51F0F3FA91}.Release|x64.Build.0 = Release|x64
		{50F9B350-1AB1-42B4-BA95-1A51F0F3FA91}.Release|x64.Deploy.0 = Release|x64
		{50F9B350-1AB1-42B4-BA95-1A51F0F3FA91}.Release|x86.ActiveCfg = Release|x86
		{50F9B350-1AB1-42B4-BA95-1A51F0F3FA91}.Release|x86.Build.0 = Release|x86
		{50F9B350-1AB1-42B4-BA95-1A51F0F3FA91}.Release|x86.Deploy.0 = Release|x86
		{656C0CAB-8911-487F-B218-21CE0225B424}.Ad-Hoc|Any CPU.ActiveCfg = Debug|Any CPU
		{656C0CAB-8911-487F-B218-21CE0225B424}.Ad-Hoc|Any CPU.Build.0 = Debug|Any CPU
		{656C0CAB-8911-487F-B218-21CE0225B424}.Ad-Hoc|ARM.ActiveCfg = Debug|Any CPU
		{656C0CAB-8911-487F-B218-21CE0225B424}.Ad-Hoc|ARM.Build.0 = Debug|Any CPU
		{656C0CAB-8911-487F-B218-21CE0225B424}.Ad-Hoc|iPhone.ActiveCfg = Debug|Any CPU
		{656C0CAB-8911-487F-B218-21CE0225B424}.Ad-Hoc|iPhone.Build.0 = Debug|Any CPU
		{656C0CAB-8911-487F-B218-21CE0225B424}.Ad-Hoc|iPhoneSimulator.ActiveCfg = Debug|Any CPU
		{656C0CAB-8911-487F-B218-21CE0225B424}.Ad-Hoc|iPhoneSimulator.Build.0 = Debug|Any CPU
		{656C0CAB-8911-487F-B218-21CE0225B424}.Ad-Hoc|x64.ActiveCfg = Debug|Any CPU
		{656C0CAB-8911-487F-B218-21CE0225B424}.Ad-Hoc|x64.Build.0 = Debug|Any CPU
		{656C0CAB-8911-487F-B218-21CE0225B424}.Ad-Hoc|x86.ActiveCfg = Debug|Any CPU
		{656C0CAB-8911-487F-B218-21CE0225B424}.Ad-Hoc|x86.Build.0 = Debug|Any CPU
		{656C0CAB-8911-487F-B218-21CE0225B424}.AppStore|Any CPU.ActiveCfg = Debug|Any CPU
		{656C0CAB-8911-487F-B218-21CE0225B424}.AppStore|Any CPU.Build.0 = Debug|Any CPU
		{656C0CAB-8911-487F-B218-21CE0225B424}.AppStore|ARM.ActiveCfg = Debug|Any CPU
		{656C0CAB-8911-487F-B218-21CE0225B424}.AppStore|ARM.Build.0 = Debug|Any CPU
		{656C0CAB-8911-487F-B218-21CE0225B424}.AppStore|iPhone.ActiveCfg = Debug|Any CPU
		{656C0CAB-8911-487F-B218-21CE0225B424}.AppStore|iPhone.Build.0 = Debug|Any CPU
		{656C0CAB-8911-487F-B218-21CE0225B424}.AppStore|iPhoneSimulator.ActiveCfg = Debug|Any CPU
		{656C0CAB-8911-487F-B218-21CE0225B424}.AppStore|iPhoneSimulator.Build.0 = Debug|Any CPU
		{656C0CAB-8911-487F-B218-21CE0225B424}.AppStore|x64.ActiveCfg = Debug|Any CPU
		{656C0CAB-8911-487F-B218-21CE0225B424}.AppStore|x64.Build.0 = Debug|Any CPU
		{656C0CAB-8911-487F-B218-21CE0225B424}.AppStore|x86.ActiveCfg = Debug|Any CPU
		{656C0CAB-8911-487F-B218-21CE0225B424}.AppStore|x86.Build.0 = Debug|Any CPU
		{656C0CAB-8911-487F-B218-21CE0225B424}.Debug|Any CPU.ActiveCfg = Debug|Any CPU
		{656C0CAB-8911-487F-B218-21CE0225B424}.Debug|Any CPU.Build.0 = Debug|Any CPU
		{656C0CAB-8911-487F-B218-21CE0225B424}.Debug|ARM.ActiveCfg = Debug|Any CPU
		{656C0CAB-8911-487F-B218-21CE0225B424}.Debug|ARM.Build.0 = Debug|Any CPU
		{656C0CAB-8911-487F-B218-21CE0225B424}.Debug|iPhone.ActiveCfg = Debug|Any CPU
		{656C0CAB-8911-487F-B218-21CE0225B424}.Debug|iPhone.Build.0 = Debug|Any CPU
		{656C0CAB-8911-487F-B218-21CE0225B424}.Debug|iPhoneSimulator.ActiveCfg = Debug|Any CPU
		{656C0CAB-8911-487F-B218-21CE0225B424}.Debug|iPhoneSimulator.Build.0 = Debug|Any CPU
		{656C0CAB-8911-487F-B218-21CE0225B424}.Debug|x64.ActiveCfg = Debug|Any CPU
		{656C0CAB-8911-487F-B218-21CE0225B424}.Debug|x64.Build.0 = Debug|Any CPU
		{656C0CAB-8911-487F-B218-21CE0225B424}.Debug|x86.ActiveCfg = Debug|Any CPU
		{656C0CAB-8911-487F-B218-21CE0225B424}.Debug|x86.Build.0 = Debug|Any CPU
		{656C0CAB-8911-487F-B218-21CE0225B424}.Release|Any CPU.ActiveCfg = Release|Any CPU
		{656C0CAB-8911-487F-B218-21CE0225B424}.Release|Any CPU.Build.0 = Release|Any CPU
		{656C0CAB-8911-487F-B218-21CE0225B424}.Release|ARM.ActiveCfg = Release|Any CPU
		{656C0CAB-8911-487F-B218-21CE0225B424}.Release|ARM.Build.0 = Release|Any CPU
		{656C0CAB-8911-487F-B218-21CE0225B424}.Release|iPhone.ActiveCfg = Release|Any CPU
		{656C0CAB-8911-487F-B218-21CE0225B424}.Release|iPhone.Build.0 = Release|Any CPU
		{656C0CAB-8911-487F-B218-21CE0225B424}.Release|iPhoneSimulator.ActiveCfg = Release|Any CPU
		{656C0CAB-8911-487F-B218-21CE0225B424}.Release|iPhoneSimulator.Build.0 = Release|Any CPU
		{656C0CAB-8911-487F-B218-21CE0225B424}.Release|x64.ActiveCfg = Release|Any CPU
		{656C0CAB-8911-487F-B218-21CE0225B424}.Release|x64.Build.0 = Release|Any CPU
		{656C0CAB-8911-487F-B218-21CE0225B424}.Release|x86.ActiveCfg = Release|Any CPU
		{656C0CAB-8911-487F-B218-21CE0225B424}.Release|x86.Build.0 = Release|Any CPU
	EndGlobalSection
	GlobalSection(SolutionProperties) = preSolution
		HideSolutionNode = FALSE
	EndGlobalSection
	GlobalSection(ExtensibilityGlobals) = postSolution
		SolutionGuid = {B9BEFDDE-D4E9-48AF-B028-72F7CA7E054C}
	EndGlobalSection
EndGlobal
